// !$*UTF8*$!
{
	archiveVersion = 1;
	classes = {
	};
	objectVersion = 48;
	objects = {

/* Begin PBXBuildFile section */
		655595FF1F30A3F6008501FE /* AppDelegate.swift in Sources */ = {isa = PBXBuildFile; fileRef = 655595FE1F30A3F6008501FE /* AppDelegate.swift */; };
		655596011F30A3F6008501FE /* ViewController.swift in Sources */ = {isa = PBXBuildFile; fileRef = 655596001F30A3F6008501FE /* ViewController.swift */; };
		655596041F30A3F6008501FE /* Main.storyboard in Resources */ = {isa = PBXBuildFile; fileRef = 655596021F30A3F6008501FE /* Main.storyboard */; };
		655596071F30A3F6008501FE /* What_is_this.xcdatamodeld in Sources */ = {isa = PBXBuildFile; fileRef = 655596051F30A3F6008501FE /* What_is_this.xcdatamodeld */; };
		655596091F30A3F6008501FE /* Assets.xcassets in Resources */ = {isa = PBXBuildFile; fileRef = 655596081F30A3F6008501FE /* Assets.xcassets */; };
		6555960C1F30A3F6008501FE /* LaunchScreen.storyboard in Resources */ = {isa = PBXBuildFile; fileRef = 6555960A1F30A3F6008501FE /* LaunchScreen.storyboard */; };
		655596141F30B092008501FE /* Inceptionv3.mlmodel in Sources */ = {isa = PBXBuildFile; fileRef = 655596131F30B092008501FE /* Inceptionv3.mlmodel */; };
/* End PBXBuildFile section */

/* Begin PBXFileReference section */
		655595FB1F30A3F6008501FE /* What is this.app */ = {isa = PBXFileReference; explicitFileType = wrapper.application; includeInIndex = 0; path = "What is this.app"; sourceTree = BUILT_PRODUCTS_DIR; };
		655595FE1F30A3F6008501FE /* AppDelegate.swift */ = {isa = PBXFileReference; lastKnownFileType = sourcecode.swift; path = AppDelegate.swift; sourceTree = "<group>"; };
		655596001F30A3F6008501FE /* ViewController.swift */ = {isa = PBXFileReference; lastKnownFileType = sourcecode.swift; path = ViewController.swift; sourceTree = "<group>"; };
		655596031F30A3F6008501FE /* Base */ = {isa = PBXFileReference; lastKnownFileType = file.storyboard; name = Base; path = Base.lproj/Main.storyboard; sourceTree = "<group>"; };
		655596061F30A3F6008501FE /* What_is_this.xcdatamodel */ = {isa = PBXFileReference; lastKnownFileType = wrapper.xcdatamodel; path = What_is_this.xcdatamodel; sourceTree = "<group>"; };
		655596081F30A3F6008501FE /* Assets.xcassets */ = {isa = PBXFileReference; lastKnownFileType = folder.assetcatalog; path = Assets.xcassets; sourceTree = "<group>"; };
		6555960B1F30A3F6008501FE /* Base */ = {isa = PBXFileReference; lastKnownFileType = file.storyboard; name = Base; path = Base.lproj/LaunchScreen.storyboard; sourceTree = "<group>"; };
		6555960D1F30A3F6008501FE /* Info.plist */ = {isa = PBXFileReference; lastKnownFileType = text.plist.xml; path = Info.plist; sourceTree = "<group>"; };
		655596131F30B092008501FE /* Inceptionv3.mlmodel */ = {isa = PBXFileReference; lastKnownFileType = file.mlmodel; name = Inceptionv3.mlmodel; path = ../../../Downloads/Inceptionv3.mlmodel; sourceTree = "<group>"; };
/* End PBXFileReference section */

/* Begin PBXFrameworksBuildPhase section */
		655595F81F30A3F6008501FE /* Frameworks */ = {
			isa = PBXFrameworksBuildPhase;
			buildActionMask = 2147483647;
			files = (
			);
			runOnlyForDeploymentPostprocessing = 0;
		};
/* End PBXFrameworksBuildPhase section */

/* Begin PBXGroup section */
		655595F21F30A3F6008501FE = {
			isa = PBXGroup;
			children = (
				655595FD1F30A3F6008501FE /* What is this */,
				655595FC1F30A3F6008501FE /* Products */,
			);
			sourceTree = "<group>";
		};
		655595FC1F30A3F6008501FE /* Products */ = {
			isa = PBXGroup;
			children = (
				655595FB1F30A3F6008501FE /* What is this.app */,
			);
			name = Products;
			sourceTree = "<group>";
		};
		655595FD1F30A3F6008501FE /* What is this */ = {
			isa = PBXGroup;
			children = (
				655595FE1F30A3F6008501FE /* AppDelegate.swift */,
				655596001F30A3F6008501FE /* ViewController.swift */,
				655596021F30A3F6008501FE /* Main.storyboard */,
				655596081F30A3F6008501FE /* Assets.xcassets */,
				6555960A1F30A3F6008501FE /* LaunchScreen.storyboard */,
				655596131F30B092008501FE /* Inceptionv3.mlmodel */,
				6555960D1F30A3F6008501FE /* Info.plist */,
				655596051F30A3F6008501FE /* What_is_this.xcdatamodeld */,
			);
			path = "What is this";
			sourceTree = "<group>";
		};
/* End PBXGroup section */

/* Begin PBXNativeTarget section */
		655595FA1F30A3F6008501FE /* What is this */ = {
			isa = PBXNativeTarget;
			buildConfigurationList = 655596101F30A3F6008501FE /* Build configuration list for PBXNativeTarget "What is this" */;
			buildPhases = (
				655595F71F30A3F6008501FE /* Sources */,
				655595F81F30A3F6008501FE /* Frameworks */,
				655595F91F30A3F6008501FE /* Resources */,
			);
			buildRules = (
			);
			dependencies = (
			);
			name = "What is this";
			productName = "What is this";
			productReference = 655595FB1F30A3F6008501FE /* What is this.app */;
			productType = "com.apple.product-type.application";
		};
/* End PBXNativeTarget section */

/* Begin PBXProject section */
		655595F31F30A3F6008501FE /* Project object */ = {
			isa = PBXProject;
			attributes = {
				LastSwiftUpdateCheck = 0900;
				LastUpgradeCheck = 0900;
				ORGANIZATIONNAME = "Jason Stiesi";
				TargetAttributes = {
					655595FA1F30A3F6008501FE = {
						CreatedOnToolsVersion = 9.0;
					};
				};
			};
			buildConfigurationList = 655595F61F30A3F6008501FE /* Build configuration list for PBXProject "What is this" */;
			compatibilityVersion = "Xcode 8.0";
			developmentRegion = en;
			hasScannedForEncodings = 0;
			knownRegions = (
				en,
				Base,
			);
			mainGroup = 655595F21F30A3F6008501FE;
			productRefGroup = 655595FC1F30A3F6008501FE /* Products */;
			projectDirPath = "";
			projectRoot = "";
			targets = (
				655595FA1F30A3F6008501FE /* What is this */,
			);
		};
/* End PBXProject section */

/* Begin PBXResourcesBuildPhase section */
		655595F91F30A3F6008501FE /* Resources */ = {
			isa = PBXResourcesBuildPhase;
			buildActionMask = 2147483647;
			files = (
				6555960C1F30A3F6008501FE /* LaunchScreen.storyboard in Resources */,
				655596091F30A3F6008501FE /* Assets.xcassets in Resources */,
				655596041F30A3F6008501FE /* Main.storyboard in Resources */,
			);
			runOnlyForDeploymentPostprocessing = 0;
		};
/* End PBXResourcesBuildPhase section */

/* Begin PBXSourcesBuildPhase section */
		655595F71F30A3F6008501FE /* Sources */ = {
			isa = PBXSourcesBuildPhase;
			buildActionMask = 2147483647;
			files = (
				655596011F30A3F6008501FE /* ViewController.swift in Sources */,
				655596141F30B092008501FE /* Inceptionv3.mlmodel in Sources */,
				655595FF1F30A3F6008501FE /* AppDelegate.swift in Sources */,
				655596071F30A3F6008501FE /* What_is_this.xcdatamodeld in Sources */,
			);
			runOnlyForDeploymentPostprocessing = 0;
		};
/* End PBXSourcesBuildPhase section */

/* Begin PBXVariantGroup section */
		655596021F30A3F6008501FE /* Main.storyboard */ = {
			isa = PBXVariantGroup;
			children = (
				655596031F30A3F6008501FE /* Base */,
			);
			name = Main.storyboard;
			sourceTree = "<group>";
		};
		6555960A1F30A3F6008501FE /* LaunchScreen.storyboard */ = {
			isa = PBXVariantGroup;
			children = (
				6555960B1F30A3F6008501FE /* Base */,
			);
			name = LaunchScreen.storyboard;
			sourceTree = "<group>";
		};
/* End PBXVariantGroup section */

/* Begin XCBuildConfiguration section */
		6555960E1F30A3F6008501FE /* Debug */ = {
			isa = XCBuildConfiguration;
			buildSettings = {
				ALWAYS_SEARCH_USER_PATHS = NO;
				CLANG_ANALYZER_NONNULL = YES;
				CLANG_ANALYZER_NUMBER_OBJECT_CONVERSION = YES_AGGRESSIVE;
				CLANG_CXX_LANGUAGE_STANDARD = "gnu++14";
				CLANG_CXX_LIBRARY = "libc++";
				CLANG_ENABLE_MODULES = YES;
				CLANG_ENABLE_OBJC_ARC = YES;
				CLANG_WARN_BLOCK_CAPTURE_AUTORELEASING = YES;
				CLANG_WARN_BOOL_CONVERSION = YES;
				CLANG_WARN_COMMA = YES;
				CLANG_WARN_CONSTANT_CONVERSION = YES;
				CLANG_WARN_DIRECT_OBJC_ISA_USAGE = YES_ERROR;
				CLANG_WARN_DOCUMENTATION_COMMENTS = YES;
				CLANG_WARN_EMPTY_BODY = YES;
				CLANG_WARN_ENUM_CONVERSION = YES;
				CLANG_WARN_INFINITE_RECURSION = YES;
				CLANG_WARN_INT_CONVERSION = YES;
				CLANG_WARN_OBJC_ROOT_CLASS = YES_ERROR;
				CLANG_WARN_RANGE_LOOP_ANALYSIS = YES;
				CLANG_WARN_STRICT_PROTOTYPES = YES;
				CLANG_WARN_SUSPICIOUS_MOVE = YES;
				CLANG_WARN_UNGUARDED_AVAILABILITY = YES_AGGRESSIVE;
				CLANG_WARN_UNREACHABLE_CODE = YES;
				CLANG_WARN__DUPLICATE_METHOD_MATCH = YES;
				CODE_SIGN_IDENTITY = "iPhone Developer";
				COPY_PHASE_STRIP = NO;
				DEBUG_INFORMATION_FORMAT = dwarf;
				ENABLE_STRICT_OBJC_MSGSEND = YES;
				ENABLE_TESTABILITY = YES;
				GCC_C_LANGUAGE_STANDARD = gnu11;
				GCC_DYNAMIC_NO_PIC = NO;
				GCC_NO_COMMON_BLOCKS = YES;
				GCC_OPTIMIZATION_LEVEL = 0;
				GCC_PREPROCESSOR_DEFINITIONS = (
					"DEBUG=1",
					"$(inherited)",
				);
				GCC_WARN_64_TO_32_BIT_CONVERSION = YES;
				GCC_WARN_ABOUT_RETURN_TYPE = YES_ERROR;
				GCC_WARN_UNDECLARED_SELECTOR = YES;
				GCC_WARN_UNINITIALIZED_AUTOS = YES_AGGRESSIVE;
				GCC_WARN_UNUSED_FUNCTION = YES;
				GCC_WARN_UNUSED_VARIABLE = YES;
				IPHONEOS_DEPLOYMENT_TARGET = 11.0;
				MTL_ENABLE_DEBUG_INFO = YES;
				ONLY_ACTIVE_ARCH = YES;
				SDKROOT = iphoneos;
				SWIFT_ACTIVE_COMPILATION_CONDITIONS = DEBUG;
				SWIFT_OPTIMIZATION_LEVEL = "-Onone";
			};
			name = Debug;
		};
		6555960F1F30A3F6008501FE /* Release */ = {
			isa = XCBuildConfiguration;
			buildSettings = {
				ALWAYS_SEARCH_USER_PATHS = NO;
				CLANG_ANALYZER_NONNULL = YES;
				CLANG_ANALYZER_NUMBER_OBJECT_CONVERSION = YES_AGGRESSIVE;
				CLANG_CXX_LANGUAGE_STANDARD = "gnu++14";
				CLANG_CXX_LIBRARY = "libc++";
				CLANG_ENABLE_MODULES = YES;
				CLANG_ENABLE_OBJC_ARC = YES;
				CLANG_WARN_BLOCK_CAPTURE_AUTORELEASING = YES;
				CLANG_WARN_BOOL_CONVERSION = YES;
				CLANG_WARN_COMMA = YES;
				CLANG_WARN_CONSTANT_CONVERSION = YES;
				CLANG_WARN_DIRECT_OBJC_ISA_USAGE = YES_ERROR;
				CLANG_WARN_DOCUMENTATION_COMMENTS = YES;
				CLANG_WARN_EMPTY_BODY = YES;
				CLANG_WARN_ENUM_CONVERSION = YES;
				CLANG_WARN_INFINITE_RECURSION = YES;
				CLANG_WARN_INT_CONVERSION = YES;
				CLANG_WARN_OBJC_ROOT_CLASS = YES_ERROR;
				CLANG_WARN_RANGE_LOOP_ANALYSIS = YES;
				CLANG_WARN_STRICT_PROTOTYPES = YES;
				CLANG_WARN_SUSPICIOUS_MOVE = YES;
				CLANG_WARN_UNGUARDED_AVAILABILITY = YES_AGGRESSIVE;
				CLANG_WARN_UNREACHABLE_CODE = YES;
				CLANG_WARN__DUPLICATE_METHOD_MATCH = YES;
				CODE_SIGN_IDENTITY = "iPhone Developer";
				COPY_PHASE_STRIP = NO;
				DEBUG_INFORMATION_FORMAT = "dwarf-with-dsym";
				ENABLE_NS_ASSERTIONS = NO;
				ENABLE_STRICT_OBJC_MSGSEND = YES;
				GCC_C_LANGUAGE_STANDARD = gnu11;
				GCC_NO_COMMON_BLOCKS = YES;
				GCC_WARN_64_TO_32_BIT_CONVERSION = YES;
				GCC_WARN_ABOUT_RETURN_TYPE = YES_ERROR;
				GCC_WARN_UNDECLARED_SELECTOR = YES;
				GCC_WARN_UNINITIALIZED_AUTOS = YES_AGGRESSIVE;
				GCC_WARN_UNUSED_FUNCTION = YES;
				GCC_WARN_UNUSED_VARIABLE = YES;
				IPHONEOS_DEPLOYMENT_TARGET = 11.0;
				MTL_ENABLE_DEBUG_INFO = NO;
				SDKROOT = iphoneos;
				SWIFT_OPTIMIZATION_LEVEL = "-Owholemodule";
				VALIDATE_PRODUCT = YES;
			};
			name = Release;
		};
		655596111F30A3F6008501FE /* Debug */ = {
			isa = XCBuildConfiguration;
			buildSettings = {
				ASSETCATALOG_COMPILER_APPICON_NAME = AppIcon;
				INFOPLIST_FILE = "What is this/Info.plist";
				LD_RUNPATH_SEARCH_PATHS = "$(inherited) @executable_path/Frameworks";
				PRODUCT_BUNDLE_IDENTIFIER = "com.Jason.What-is-this";
				PRODUCT_NAME = "$(TARGET_NAME)";
				SWIFT_VERSION = 4.0;
				TARGETED_DEVICE_FAMILY = "1,2";
			};
			name = Debug;
		};
		655596121F30A3F6008501FE /* Release */ = {
			isa = XCBuildConfiguration;
			buildSettings = {
				ASSETCATALOG_COMPILER_APPICON_NAME = AppIcon;
				INFOPLIST_FILE = "What is this/Info.plist";
				LD_RUNPATH_SEARCH_PATHS = "$(inherited) @executable_path/Frameworks";
				PRODUCT_BUNDLE_IDENTIFIER = "com.Jason.What-is-this";
				PRODUCT_NAME = "$(TARGET_NAME)";
				SWIFT_VERSION = 4.0;
				TARGETED_DEVICE_FAMILY = "1,2";
			};
			name = Release;
		};
/* End XCBuildConfiguration section */

/* Begin XCConfigurationList section */
		655595F61F30A3F6008501FE /* Build configuration list for PBXProject "What is this" */ = {
			isa = XCConfigurationList;
			buildConfigurations = (
				6555960E1F30A3F6008501FE /* Debug */,
				6555960F1F30A3F6008501FE /* Release */,
			);
			defaultConfigurationIsVisible = 0;
			defaultConfigurationName = Release;
		};
		655596101F30A3F6008501FE /* Build configuration list for PBXNativeTarget "What is this" */ = {
			isa = XCConfigurationList;
			buildConfigurations = (
				655596111F30A3F6008501FE /* Debug */,
				655596121F30A3F6008501FE /* Release */,
			);
			defaultConfigurationIsVisible = 0;
		};
/* End XCConfigurationList section */

/* Begin XCVersionGroup section */
		655596051F30A3F6008501FE /* What_is_this.xcdatamodeld */ = {
			isa = XCVersionGroup;
			children = (
				655596061F30A3F6008501FE /* What_is_this.xcdatamodel */,
			);
			currentVersion = 655596061F30A3F6008501FE /* What_is_this.xcdatamodel */;
			path = What_is_this.xcdatamodeld;
			sourceTree = "<group>";
			versionGroupType = wrapper.xcdatamodel;
		};
/* End XCVersionGroup section */
	};
	rootObject = 655595F31F30A3F6008501FE /* Project object */;
}
